// !$*UTF8*$!
{
	archiveVersion = 1;
	classes = {
	};
	objectVersion = 55;
	objects = {

/* Begin PBXBuildFile section */
		2905E1F927834480002B6D7A /* Rerouter App.swift in Sources */ = {isa = PBXBuildFile; fileRef = 2905E1F827834480002B6D7A /* Rerouter App.swift */; };
		295D12E6272AF2E200C04C7A /* AboutView.swift in Sources */ = {isa = PBXBuildFile; fileRef = 295D12E5272AF2E200C04C7A /* AboutView.swift */; };
		295EE767270E31B000B30A07 /* Icon.png in Resources */ = {isa = PBXBuildFile; fileRef = 295EE766270E31B000B30A07 /* Icon.png */; };
		295EE770270E31B000B30A07 /* LaunchScreen.storyboard in Resources */ = {isa = PBXBuildFile; fileRef = 295EE76E270E31B000B30A07 /* LaunchScreen.storyboard */; };
		295EE77B270E31B500B30A07 /* Rerouter Extension.appex in Embed Foundation Extensions */ = {isa = PBXBuildFile; fileRef = 295EE77A270E31B500B30A07 /* Rerouter Extension.appex */; settings = {ATTRIBUTES = (RemoveHeadersOnCopy, ); }; };
		295EE780270E31B500B30A07 /* SafariWebExtensionHandler.swift in Sources */ = {isa = PBXBuildFile; fileRef = 295EE77F270E31B500B30A07 /* SafariWebExtensionHandler.swift */; };
		295EE783270E31B600B30A07 /* _locales in Resources */ = {isa = PBXBuildFile; fileRef = 295EE782270E31B500B30A07 /* _locales */; };
		295EE787270E31B600B30A07 /* manifest.json in Resources */ = {isa = PBXBuildFile; fileRef = 295EE786270E31B600B30A07 /* manifest.json */; };
		295EE789270E31B600B30A07 /* background.js in Resources */ = {isa = PBXBuildFile; fileRef = 295EE788270E31B600B30A07 /* background.js */; };
		295EE78D270E31B600B30A07 /* popup.html in Resources */ = {isa = PBXBuildFile; fileRef = 295EE78C270E31B600B30A07 /* popup.html */; };
		295EE791270E31B600B30A07 /* popup.js in Resources */ = {isa = PBXBuildFile; fileRef = 295EE790270E31B600B30A07 /* popup.js */; };
		295EE793270E31B600B30A07 /* Assets.xcassets in Resources */ = {isa = PBXBuildFile; fileRef = 295EE774270E31B500B30A07 /* Assets.xcassets */; };
		295EE79E270E4A3300B30A07 /* ContentView.swift in Sources */ = {isa = PBXBuildFile; fileRef = 295EE79D270E4A3300B30A07 /* ContentView.swift */; };
		295EE7A0270E4A6000B30A07 /* ExtensionModal.swift in Sources */ = {isa = PBXBuildFile; fileRef = 295EE79F270E4A6000B30A07 /* ExtensionModal.swift */; };
		295EE7A3270E4AB000B30A07 /* PrivacyModal.swift in Sources */ = {isa = PBXBuildFile; fileRef = 295EE7A2270E4AB000B30A07 /* PrivacyModal.swift */; };
		295EE7A5270E4DED00B30A07 /* InlinePhotoView.swift in Sources */ = {isa = PBXBuildFile; fileRef = 295EE7A4270E4DED00B30A07 /* InlinePhotoView.swift */; };
		2965496B2774291600E2AFE3 /* images in Resources */ = {isa = PBXBuildFile; fileRef = 2965496A2774291600E2AFE3 /* images */; };
		2965496C27742A1000E2AFE3 /* rerouterIcon.svg in Resources */ = {isa = PBXBuildFile; fileRef = 296549392774271700E2AFE3 /* rerouterIcon.svg */; };
		29CA45E92729980500B57392 /* ActivityExtension.swift in Sources */ = {isa = PBXBuildFile; fileRef = 29CA45E82729980500B57392 /* ActivityExtension.swift */; };
		29E24E98272A0789004559D1 /* StoreManager.swift in Sources */ = {isa = PBXBuildFile; fileRef = 29E24E95272A0749004559D1 /* StoreManager.swift */; };
		29E24E9B272A08B1004559D1 /* StoreKit.framework in Frameworks */ = {isa = PBXBuildFile; fileRef = 29E24E9A272A08B1004559D1 /* StoreKit.framework */; };
		29F367F22777ABF20065008A /* MapWarningModal.swift in Sources */ = {isa = PBXBuildFile; fileRef = 29F367F12777ABF20065008A /* MapWarningModal.swift */; };
		CDDF2E66290AFA770097B638 /* content.js in Resources */ = {isa = PBXBuildFile; fileRef = CDDF2E65290AFA770097B638 /* content.js */; };
/* End PBXBuildFile section */

/* Begin PBXContainerItemProxy section */
		295EE77C270E31B500B30A07 /* PBXContainerItemProxy */ = {
			isa = PBXContainerItemProxy;
			containerPortal = 295EE755270E31B000B30A07 /* Project object */;
			proxyType = 1;
			remoteGlobalIDString = 295EE779270E31B500B30A07;
			remoteInfo = "Reroute Extension";
		};
/* End PBXContainerItemProxy section */

/* Begin PBXCopyFilesBuildPhase section */
		295EE799270E31B600B30A07 /* Embed Foundation Extensions */ = {
			isa = PBXCopyFilesBuildPhase;
			buildActionMask = 2147483647;
			dstPath = "";
			dstSubfolderSpec = 13;
			files = (
				295EE77B270E31B500B30A07 /* Rerouter Extension.appex in Embed Foundation Extensions */,
			);
			name = "Embed Foundation Extensions";
			runOnlyForDeploymentPostprocessing = 0;
		};
/* End PBXCopyFilesBuildPhase section */

/* Begin PBXFileReference section */
		2905E1F827834480002B6D7A /* Rerouter App.swift */ = {isa = PBXFileReference; lastKnownFileType = sourcecode.swift; path = "Rerouter App.swift"; sourceTree = "<group>"; };
		295D12E5272AF2E200C04C7A /* AboutView.swift */ = {isa = PBXFileReference; lastKnownFileType = sourcecode.swift; path = AboutView.swift; sourceTree = "<group>"; };
		295EE75D270E31B000B30A07 /* Rerouter.app */ = {isa = PBXFileReference; explicitFileType = wrapper.application; includeInIndex = 0; path = Rerouter.app; sourceTree = BUILT_PRODUCTS_DIR; };
		295EE766270E31B000B30A07 /* Icon.png */ = {isa = PBXFileReference; lastKnownFileType = image.png; path = Icon.png; sourceTree = "<group>"; };
		295EE76F270E31B000B30A07 /* Base */ = {isa = PBXFileReference; lastKnownFileType = file.storyboard; name = Base; path = Base.lproj/LaunchScreen.storyboard; sourceTree = "<group>"; };
		295EE774270E31B500B30A07 /* Assets.xcassets */ = {isa = PBXFileReference; lastKnownFileType = folder.assetcatalog; path = Assets.xcassets; sourceTree = "<group>"; };
		295EE775270E31B500B30A07 /* Info.plist */ = {isa = PBXFileReference; lastKnownFileType = text.plist.xml; path = Info.plist; sourceTree = "<group>"; };
		295EE77A270E31B500B30A07 /* Rerouter Extension.appex */ = {isa = PBXFileReference; explicitFileType = "wrapper.app-extension"; includeInIndex = 0; path = "Rerouter Extension.appex"; sourceTree = BUILT_PRODUCTS_DIR; };
		295EE77F270E31B500B30A07 /* SafariWebExtensionHandler.swift */ = {isa = PBXFileReference; lastKnownFileType = sourcecode.swift; path = SafariWebExtensionHandler.swift; sourceTree = "<group>"; };
		295EE782270E31B500B30A07 /* _locales */ = {isa = PBXFileReference; lastKnownFileType = folder; path = _locales; sourceTree = "<group>"; };
		295EE786270E31B600B30A07 /* manifest.json */ = {isa = PBXFileReference; lastKnownFileType = text.json; path = manifest.json; sourceTree = "<group>"; };
		295EE788270E31B600B30A07 /* background.js */ = {isa = PBXFileReference; lastKnownFileType = sourcecode.javascript; path = background.js; sourceTree = "<group>"; };
		295EE78C270E31B600B30A07 /* popup.html */ = {isa = PBXFileReference; lastKnownFileType = text.html; path = popup.html; sourceTree = "<group>"; };
		295EE790270E31B600B30A07 /* popup.js */ = {isa = PBXFileReference; lastKnownFileType = sourcecode.javascript; path = popup.js; sourceTree = "<group>"; };
		295EE792270E31B600B30A07 /* Info.plist */ = {isa = PBXFileReference; lastKnownFileType = text.plist.xml; path = Info.plist; sourceTree = "<group>"; };
		295EE79D270E4A3300B30A07 /* ContentView.swift */ = {isa = PBXFileReference; lastKnownFileType = sourcecode.swift; path = ContentView.swift; sourceTree = "<group>"; };
		295EE79F270E4A6000B30A07 /* ExtensionModal.swift */ = {isa = PBXFileReference; lastKnownFileType = sourcecode.swift; path = ExtensionModal.swift; sourceTree = "<group>"; };
		295EE7A2270E4AB000B30A07 /* PrivacyModal.swift */ = {isa = PBXFileReference; lastKnownFileType = sourcecode.swift; path = PrivacyModal.swift; sourceTree = "<group>"; };
		295EE7A4270E4DED00B30A07 /* InlinePhotoView.swift */ = {isa = PBXFileReference; lastKnownFileType = sourcecode.swift; path = InlinePhotoView.swift; sourceTree = "<group>"; };
		296549392774271700E2AFE3 /* rerouterIcon.svg */ = {isa = PBXFileReference; lastKnownFileType = text; path = rerouterIcon.svg; sourceTree = "<group>"; };
		2965496A2774291600E2AFE3 /* images */ = {isa = PBXFileReference; lastKnownFileType = folder; path = images; sourceTree = "<group>"; };
		29CA45E82729980500B57392 /* ActivityExtension.swift */ = {isa = PBXFileReference; lastKnownFileType = sourcecode.swift; path = ActivityExtension.swift; sourceTree = "<group>"; };
		29E24E95272A0749004559D1 /* StoreManager.swift */ = {isa = PBXFileReference; lastKnownFileType = sourcecode.swift; path = StoreManager.swift; sourceTree = "<group>"; };
		29E24E9A272A08B1004559D1 /* StoreKit.framework */ = {isa = PBXFileReference; lastKnownFileType = wrapper.framework; name = StoreKit.framework; path = System/Library/Frameworks/StoreKit.framework; sourceTree = SDKROOT; };
		29F367F12777ABF20065008A /* MapWarningModal.swift */ = {isa = PBXFileReference; fileEncoding = 4; lastKnownFileType = sourcecode.swift; path = MapWarningModal.swift; sourceTree = "<group>"; };
		29FC6CFB27210082001B6719 /* Rerouter.entitlements */ = {isa = PBXFileReference; lastKnownFileType = text.plist.entitlements; path = Rerouter.entitlements; sourceTree = "<group>"; };
		29FC6CFC27210082001B6719 /* Rerouter Extension.entitlements */ = {isa = PBXFileReference; lastKnownFileType = text.plist.entitlements; path = "Rerouter Extension.entitlements"; sourceTree = "<group>"; };
		CDDF2E65290AFA770097B638 /* content.js */ = {isa = PBXFileReference; lastKnownFileType = sourcecode.javascript; path = content.js; sourceTree = "<group>"; };
/* End PBXFileReference section */

/* Begin PBXFrameworksBuildPhase section */
		295EE75A270E31B000B30A07 /* Frameworks */ = {
			isa = PBXFrameworksBuildPhase;
			buildActionMask = 2147483647;
			files = (
				29E24E9B272A08B1004559D1 /* StoreKit.framework in Frameworks */,
			);
			runOnlyForDeploymentPostprocessing = 0;
		};
		295EE777270E31B500B30A07 /* Frameworks */ = {
			isa = PBXFrameworksBuildPhase;
			buildActionMask = 2147483647;
			files = (
			);
			runOnlyForDeploymentPostprocessing = 0;
		};
/* End PBXFrameworksBuildPhase section */

/* Begin PBXGroup section */
		295EE754270E31B000B30A07 = {
			isa = PBXGroup;
			children = (
				29FC6CFC27210082001B6719 /* Rerouter Extension.entitlements */,
				29FC6CFB27210082001B6719 /* Rerouter.entitlements */,
				295EE75F270E31B000B30A07 /* Rerouter */,
				295EE77E270E31B500B30A07 /* Rerouter Extension */,
				295EE75E270E31B000B30A07 /* Products */,
				29E24E99272A08B1004559D1 /* Frameworks */,
			);
			sourceTree = "<group>";
		};
		295EE75E270E31B000B30A07 /* Products */ = {
			isa = PBXGroup;
			children = (
				295EE75D270E31B000B30A07 /* Rerouter.app */,
				295EE77A270E31B500B30A07 /* Rerouter Extension.appex */,
			);
			name = Products;
			sourceTree = "<group>";
		};
		295EE75F270E31B000B30A07 /* Rerouter */ = {
			isa = PBXGroup;
			children = (
				29E24E97272A075B004559D1 /* Helpers */,
				29CA615A270E60A600935190 /* Components */,
				295EE7A1270E4A6B00B30A07 /* Views */,
				2905E1F827834480002B6D7A /* Rerouter App.swift */,
				295EE79D270E4A3300B30A07 /* ContentView.swift */,
				295EE76E270E31B000B30A07 /* LaunchScreen.storyboard */,
				295EE774270E31B500B30A07 /* Assets.xcassets */,
				295EE775270E31B500B30A07 /* Info.plist */,
				295EE762270E31B000B30A07 /* Resources */,
			);
			path = Rerouter;
			sourceTree = "<group>";
		};
		295EE762270E31B000B30A07 /* Resources */ = {
			isa = PBXGroup;
			children = (
				295EE766270E31B000B30A07 /* Icon.png */,
			);
			path = Resources;
			sourceTree = "<group>";
		};
		295EE77E270E31B500B30A07 /* Rerouter Extension */ = {
			isa = PBXGroup;
			children = (
				295EE77F270E31B500B30A07 /* SafariWebExtensionHandler.swift */,
				295EE792270E31B600B30A07 /* Info.plist */,
				295EE781270E31B500B30A07 /* Resources */,
			);
			path = "Rerouter Extension";
			sourceTree = "<group>";
		};
		295EE781270E31B500B30A07 /* Resources */ = {
			isa = PBXGroup;
			children = (
				295EE782270E31B500B30A07 /* _locales */,
				2965496A2774291600E2AFE3 /* images */,
				296549392774271700E2AFE3 /* rerouterIcon.svg */,
				295EE786270E31B600B30A07 /* manifest.json */,
				295EE788270E31B600B30A07 /* background.js */,
				295EE78C270E31B600B30A07 /* popup.html */,
				295EE790270E31B600B30A07 /* popup.js */,
				CDDF2E65290AFA770097B638 /* content.js */,
			);
			path = Resources;
			sourceTree = "<group>";
		};
		295EE7A1270E4A6B00B30A07 /* Views */ = {
			isa = PBXGroup;
			children = (
				295EE79F270E4A6000B30A07 /* ExtensionModal.swift */,
				295EE7A2270E4AB000B30A07 /* PrivacyModal.swift */,
				29F367F12777ABF20065008A /* MapWarningModal.swift */,
				295D12E5272AF2E200C04C7A /* AboutView.swift */,
			);
			path = Views;
			sourceTree = "<group>";
		};
		29CA615A270E60A600935190 /* Components */ = {
			isa = PBXGroup;
			children = (
				295EE7A4270E4DED00B30A07 /* InlinePhotoView.swift */,
				29CA45E82729980500B57392 /* ActivityExtension.swift */,
			);
			path = Components;
			sourceTree = "<group>";
		};
		29E24E97272A075B004559D1 /* Helpers */ = {
			isa = PBXGroup;
			children = (
				29E24E95272A0749004559D1 /* StoreManager.swift */,
			);
			path = Helpers;
			sourceTree = "<group>";
		};
		29E24E99272A08B1004559D1 /* Frameworks */ = {
			isa = PBXGroup;
			children = (
				29E24E9A272A08B1004559D1 /* StoreKit.framework */,
			);
			name = Frameworks;
			sourceTree = "<group>";
		};
/* End PBXGroup section */

/* Begin PBXNativeTarget section */
		295EE75C270E31B000B30A07 /* Rerouter */ = {
			isa = PBXNativeTarget;
			buildConfigurationList = 295EE79A270E31B600B30A07 /* Build configuration list for PBXNativeTarget "Rerouter" */;
			buildPhases = (
				295EE759270E31B000B30A07 /* Sources */,
				295EE75A270E31B000B30A07 /* Frameworks */,
				295EE75B270E31B000B30A07 /* Resources */,
				295EE799270E31B600B30A07 /* Embed Foundation Extensions */,
			);
			buildRules = (
			);
			dependencies = (
				295EE77D270E31B500B30A07 /* PBXTargetDependency */,
			);
			name = Rerouter;
			productName = Reroute;
			productReference = 295EE75D270E31B000B30A07 /* Rerouter.app */;
			productType = "com.apple.product-type.application";
		};
		295EE779270E31B500B30A07 /* Rerouter Extension */ = {
			isa = PBXNativeTarget;
			buildConfigurationList = 295EE796270E31B600B30A07 /* Build configuration list for PBXNativeTarget "Rerouter Extension" */;
			buildPhases = (
				295EE776270E31B500B30A07 /* Sources */,
				295EE777270E31B500B30A07 /* Frameworks */,
				295EE778270E31B500B30A07 /* Resources */,
			);
			buildRules = (
			);
			dependencies = (
			);
			name = "Rerouter Extension";
			productName = "Reroute Extension";
			productReference = 295EE77A270E31B500B30A07 /* Rerouter Extension.appex */;
			productType = "com.apple.product-type.app-extension";
		};
/* End PBXNativeTarget section */

/* Begin PBXProject section */
		295EE755270E31B000B30A07 /* Project object */ = {
			isa = PBXProject;
			attributes = {
				BuildIndependentTargetsInParallel = 1;
				LastSwiftUpdateCheck = 1300;
				LastUpgradeCheck = 1400;
				TargetAttributes = {
					295EE75C270E31B000B30A07 = {
						CreatedOnToolsVersion = 13.0;
					};
					295EE779270E31B500B30A07 = {
						CreatedOnToolsVersion = 13.0;
					};
				};
			};
			buildConfigurationList = 295EE758270E31B000B30A07 /* Build configuration list for PBXProject "Rerouter" */;
			compatibilityVersion = "Xcode 13.0";
			developmentRegion = en;
			hasScannedForEncodings = 0;
			knownRegions = (
				en,
				Base,
			);
			mainGroup = 295EE754270E31B000B30A07;
			productRefGroup = 295EE75E270E31B000B30A07 /* Products */;
			projectDirPath = "";
			projectRoot = "";
			targets = (
				295EE75C270E31B000B30A07 /* Rerouter */,
				295EE779270E31B500B30A07 /* Rerouter Extension */,
			);
		};
/* End PBXProject section */

/* Begin PBXResourcesBuildPhase section */
		295EE75B270E31B000B30A07 /* Resources */ = {
			isa = PBXResourcesBuildPhase;
			buildActionMask = 2147483647;
			files = (
				295EE767270E31B000B30A07 /* Icon.png in Resources */,
				295EE770270E31B000B30A07 /* LaunchScreen.storyboard in Resources */,
				295EE793270E31B600B30A07 /* Assets.xcassets in Resources */,
			);
			runOnlyForDeploymentPostprocessing = 0;
		};
		295EE778270E31B500B30A07 /* Resources */ = {
			isa = PBXResourcesBuildPhase;
			buildActionMask = 2147483647;
			files = (
				295EE789270E31B600B30A07 /* background.js in Resources */,
				295EE78D270E31B600B30A07 /* popup.html in Resources */,
				295EE787270E31B600B30A07 /* manifest.json in Resources */,
				2965496C27742A1000E2AFE3 /* rerouterIcon.svg in Resources */,
				CDDF2E66290AFA770097B638 /* content.js in Resources */,
				2965496B2774291600E2AFE3 /* images in Resources */,
				295EE783270E31B600B30A07 /* _locales in Resources */,
				295EE791270E31B600B30A07 /* popup.js in Resources */,
			);
			runOnlyForDeploymentPostprocessing = 0;
		};
/* End PBXResourcesBuildPhase section */

/* Begin PBXSourcesBuildPhase section */
		295EE759270E31B000B30A07 /* Sources */ = {
			isa = PBXSourcesBuildPhase;
			buildActionMask = 2147483647;
			files = (
				295EE7A5270E4DED00B30A07 /* InlinePhotoView.swift in Sources */,
				2905E1F927834480002B6D7A /* Rerouter App.swift in Sources */,
				295D12E6272AF2E200C04C7A /* AboutView.swift in Sources */,
				29F367F22777ABF20065008A /* MapWarningModal.swift in Sources */,
				295EE7A0270E4A6000B30A07 /* ExtensionModal.swift in Sources */,
				29CA45E92729980500B57392 /* ActivityExtension.swift in Sources */,
				295EE79E270E4A3300B30A07 /* ContentView.swift in Sources */,
				29E24E98272A0789004559D1 /* StoreManager.swift in Sources */,
				295EE7A3270E4AB000B30A07 /* PrivacyModal.swift in Sources */,
			);
			runOnlyForDeploymentPostprocessing = 0;
		};
		295EE776270E31B500B30A07 /* Sources */ = {
			isa = PBXSourcesBuildPhase;
			buildActionMask = 2147483647;
			files = (
				295EE780270E31B500B30A07 /* SafariWebExtensionHandler.swift in Sources */,
			);
			runOnlyForDeploymentPostprocessing = 0;
		};
/* End PBXSourcesBuildPhase section */

/* Begin PBXTargetDependency section */
		295EE77D270E31B500B30A07 /* PBXTargetDependency */ = {
			isa = PBXTargetDependency;
			target = 295EE779270E31B500B30A07 /* Rerouter Extension */;
			targetProxy = 295EE77C270E31B500B30A07 /* PBXContainerItemProxy */;
		};
/* End PBXTargetDependency section */

/* Begin PBXVariantGroup section */
		295EE76E270E31B000B30A07 /* LaunchScreen.storyboard */ = {
			isa = PBXVariantGroup;
			children = (
				295EE76F270E31B000B30A07 /* Base */,
			);
			name = LaunchScreen.storyboard;
			sourceTree = "<group>";
		};
/* End PBXVariantGroup section */

/* Begin XCBuildConfiguration section */
		295EE794270E31B600B30A07 /* Debug */ = {
			isa = XCBuildConfiguration;
			buildSettings = {
				ALWAYS_SEARCH_USER_PATHS = NO;
				CLANG_ANALYZER_NONNULL = YES;
				CLANG_ANALYZER_NUMBER_OBJECT_CONVERSION = YES_AGGRESSIVE;
				CLANG_CXX_LANGUAGE_STANDARD = "gnu++17";
				CLANG_CXX_LIBRARY = "libc++";
				CLANG_ENABLE_MODULES = YES;
				CLANG_ENABLE_OBJC_ARC = YES;
				CLANG_ENABLE_OBJC_WEAK = YES;
				CLANG_WARN_BLOCK_CAPTURE_AUTORELEASING = YES;
				CLANG_WARN_BOOL_CONVERSION = YES;
				CLANG_WARN_COMMA = YES;
				CLANG_WARN_CONSTANT_CONVERSION = YES;
				CLANG_WARN_DEPRECATED_OBJC_IMPLEMENTATIONS = YES;
				CLANG_WARN_DIRECT_OBJC_ISA_USAGE = YES_ERROR;
				CLANG_WARN_DOCUMENTATION_COMMENTS = YES;
				CLANG_WARN_EMPTY_BODY = YES;
				CLANG_WARN_ENUM_CONVERSION = YES;
				CLANG_WARN_INFINITE_RECURSION = YES;
				CLANG_WARN_INT_CONVERSION = YES;
				CLANG_WARN_NON_LITERAL_NULL_CONVERSION = YES;
				CLANG_WARN_OBJC_IMPLICIT_RETAIN_SELF = YES;
				CLANG_WARN_OBJC_LITERAL_CONVERSION = YES;
				CLANG_WARN_OBJC_ROOT_CLASS = YES_ERROR;
				CLANG_WARN_QUOTED_INCLUDE_IN_FRAMEWORK_HEADER = YES;
				CLANG_WARN_RANGE_LOOP_ANALYSIS = YES;
				CLANG_WARN_STRICT_PROTOTYPES = YES;
				CLANG_WARN_SUSPICIOUS_MOVE = YES;
				CLANG_WARN_UNGUARDED_AVAILABILITY = YES_AGGRESSIVE;
				CLANG_WARN_UNREACHABLE_CODE = YES;
				CLANG_WARN__DUPLICATE_METHOD_MATCH = YES;
				COPY_PHASE_STRIP = NO;
				DEBUG_INFORMATION_FORMAT = dwarf;
				ENABLE_STRICT_OBJC_MSGSEND = YES;
				ENABLE_TESTABILITY = YES;
				GCC_C_LANGUAGE_STANDARD = gnu11;
				GCC_DYNAMIC_NO_PIC = NO;
				GCC_NO_COMMON_BLOCKS = YES;
				GCC_OPTIMIZATION_LEVEL = 0;
				GCC_PREPROCESSOR_DEFINITIONS = (
					"DEBUG=1",
					"$(inherited)",
				);
				GCC_WARN_64_TO_32_BIT_CONVERSION = YES;
				GCC_WARN_ABOUT_RETURN_TYPE = YES_ERROR;
				GCC_WARN_UNDECLARED_SELECTOR = YES;
				GCC_WARN_UNINITIALIZED_AUTOS = YES_AGGRESSIVE;
				GCC_WARN_UNUSED_FUNCTION = YES;
				GCC_WARN_UNUSED_VARIABLE = YES;
				IPHONEOS_DEPLOYMENT_TARGET = 15.0;
				MTL_ENABLE_DEBUG_INFO = INCLUDE_SOURCE;
				MTL_FAST_MATH = YES;
				ONLY_ACTIVE_ARCH = YES;
				SDKROOT = iphoneos;
				SWIFT_ACTIVE_COMPILATION_CONDITIONS = DEBUG;
				SWIFT_OPTIMIZATION_LEVEL = "-Onone";
			};
			name = Debug;
		};
		295EE795270E31B600B30A07 /* Release */ = {
			isa = XCBuildConfiguration;
			buildSettings = {
				ALWAYS_SEARCH_USER_PATHS = NO;
				CLANG_ANALYZER_NONNULL = YES;
				CLANG_ANALYZER_NUMBER_OBJECT_CONVERSION = YES_AGGRESSIVE;
				CLANG_CXX_LANGUAGE_STANDARD = "gnu++17";
				CLANG_CXX_LIBRARY = "libc++";
				CLANG_ENABLE_MODULES = YES;
				CLANG_ENABLE_OBJC_ARC = YES;
				CLANG_ENABLE_OBJC_WEAK = YES;
				CLANG_WARN_BLOCK_CAPTURE_AUTORELEASING = YES;
				CLANG_WARN_BOOL_CONVERSION = YES;
				CLANG_WARN_COMMA = YES;
				CLANG_WARN_CONSTANT_CONVERSION = YES;
				CLANG_WARN_DEPRECATED_OBJC_IMPLEMENTATIONS = YES;
				CLANG_WARN_DIRECT_OBJC_ISA_USAGE = YES_ERROR;
				CLANG_WARN_DOCUMENTATION_COMMENTS = YES;
				CLANG_WARN_EMPTY_BODY = YES;
				CLANG_WARN_ENUM_CONVERSION = YES;
				CLANG_WARN_INFINITE_RECURSION = YES;
				CLANG_WARN_INT_CONVERSION = YES;
				CLANG_WARN_NON_LITERAL_NULL_CONVERSION = YES;
				CLANG_WARN_OBJC_IMPLICIT_RETAIN_SELF = YES;
				CLANG_WARN_OBJC_LITERAL_CONVERSION = YES;
				CLANG_WARN_OBJC_ROOT_CLASS = YES_ERROR;
				CLANG_WARN_QUOTED_INCLUDE_IN_FRAMEWORK_HEADER = YES;
				CLANG_WARN_RANGE_LOOP_ANALYSIS = YES;
				CLANG_WARN_STRICT_PROTOTYPES = YES;
				CLANG_WARN_SUSPICIOUS_MOVE = YES;
				CLANG_WARN_UNGUARDED_AVAILABILITY = YES_AGGRESSIVE;
				CLANG_WARN_UNREACHABLE_CODE = YES;
				CLANG_WARN__DUPLICATE_METHOD_MATCH = YES;
				COPY_PHASE_STRIP = NO;
				DEBUG_INFORMATION_FORMAT = "dwarf-with-dsym";
				ENABLE_NS_ASSERTIONS = NO;
				ENABLE_STRICT_OBJC_MSGSEND = YES;
				GCC_C_LANGUAGE_STANDARD = gnu11;
				GCC_NO_COMMON_BLOCKS = YES;
				GCC_WARN_64_TO_32_BIT_CONVERSION = YES;
				GCC_WARN_ABOUT_RETURN_TYPE = YES_ERROR;
				GCC_WARN_UNDECLARED_SELECTOR = YES;
				GCC_WARN_UNINITIALIZED_AUTOS = YES_AGGRESSIVE;
				GCC_WARN_UNUSED_FUNCTION = YES;
				GCC_WARN_UNUSED_VARIABLE = YES;
				IPHONEOS_DEPLOYMENT_TARGET = 15.0;
				MTL_ENABLE_DEBUG_INFO = NO;
				MTL_FAST_MATH = YES;
				SDKROOT = iphoneos;
				SWIFT_COMPILATION_MODE = wholemodule;
				SWIFT_OPTIMIZATION_LEVEL = "-O";
				VALIDATE_PRODUCT = YES;
			};
			name = Release;
		};
		295EE797270E31B600B30A07 /* Debug */ = {
			isa = XCBuildConfiguration;
			buildSettings = {
				CODE_SIGN_ENTITLEMENTS = "Rerouter Extension.entitlements";
				CODE_SIGN_STYLE = Automatic;
				CURRENT_PROJECT_VERSION = 28;
				DEVELOPMENT_TEAM = QK557BC776;
				GENERATE_INFOPLIST_FILE = YES;
				INFOPLIST_FILE = "Rerouter Extension/Info.plist";
				INFOPLIST_KEY_CFBundleDisplayName = "Rerouter Extension";
				INFOPLIST_KEY_NSHumanReadableCopyright = "";
				IPHONEOS_DEPLOYMENT_TARGET = 15.0;
				LD_RUNPATH_SEARCH_PATHS = (
					"$(inherited)",
					"@executable_path/Frameworks",
					"@executable_path/../../Frameworks",
				);
				MACOSX_DEPLOYMENT_TARGET = 12.0;
				MARKETING_VERSION = 3;
				OTHER_LDFLAGS = (
					"-framework",
					SafariServices,
				);
				PRODUCT_BUNDLE_IDENTIFIER = shwndvs.Rerouter.Extension;
				PRODUCT_NAME = "$(TARGET_NAME)";
				SKIP_INSTALL = YES;
				SUPPORTS_MACCATALYST = YES;
				SUPPORTS_MAC_DESIGNED_FOR_IPHONE_IPAD = NO;
				SWIFT_EMIT_LOC_STRINGS = YES;
				SWIFT_VERSION = 5.0;
				TARGETED_DEVICE_FAMILY = "1,2,6";
				TVOS_DEPLOYMENT_TARGET = 15.0;
			};
			name = Debug;
		};
		295EE798270E31B600B30A07 /* Release */ = {
			isa = XCBuildConfiguration;
			buildSettings = {
				CODE_SIGN_ENTITLEMENTS = "Rerouter Extension.entitlements";
				CODE_SIGN_STYLE = Automatic;
				CURRENT_PROJECT_VERSION = 28;
				DEVELOPMENT_TEAM = QK557BC776;
				GENERATE_INFOPLIST_FILE = YES;
				INFOPLIST_FILE = "Rerouter Extension/Info.plist";
				INFOPLIST_KEY_CFBundleDisplayName = "Rerouter Extension";
				INFOPLIST_KEY_NSHumanReadableCopyright = "";
				IPHONEOS_DEPLOYMENT_TARGET = 15.0;
				LD_RUNPATH_SEARCH_PATHS = (
					"$(inherited)",
					"@executable_path/Frameworks",
					"@executable_path/../../Frameworks",
				);
				MACOSX_DEPLOYMENT_TARGET = 12.0;
				MARKETING_VERSION = 3;
				OTHER_LDFLAGS = (
					"-framework",
					SafariServices,
				);
				PRODUCT_BUNDLE_IDENTIFIER = shwndvs.Rerouter.Extension;
				PRODUCT_NAME = "$(TARGET_NAME)";
				SKIP_INSTALL = YES;
				SUPPORTS_MACCATALYST = YES;
				SUPPORTS_MAC_DESIGNED_FOR_IPHONE_IPAD = NO;
				SWIFT_EMIT_LOC_STRINGS = YES;
				SWIFT_VERSION = 5.0;
				TARGETED_DEVICE_FAMILY = "1,2,6";
				TVOS_DEPLOYMENT_TARGET = 15.0;
			};
			name = Release;
		};
		295EE79B270E31B600B30A07 /* Debug */ = {
			isa = XCBuildConfiguration;
			buildSettings = {
				ALWAYS_EMBED_SWIFT_STANDARD_LIBRARIES = YES;
				ASSETCATALOG_COMPILER_APPICON_NAME = AppIcon;
				ASSETCATALOG_COMPILER_GLOBAL_ACCENT_COLOR_NAME = AccentColor;
				CODE_SIGN_ENTITLEMENTS = Rerouter.entitlements;
				CODE_SIGN_STYLE = Automatic;
				CURRENT_PROJECT_VERSION = 28;
				DEVELOPMENT_TEAM = QK557BC776;
				GENERATE_INFOPLIST_FILE = YES;
				INFOPLIST_FILE = Rerouter/Info.plist;
				INFOPLIST_KEY_CFBundleDisplayName = Rerouter;
				INFOPLIST_KEY_LSApplicationCategoryType = "public.app-category.navigation";
				INFOPLIST_KEY_UIApplicationSupportsIndirectInputEvents = YES;
				INFOPLIST_KEY_UILaunchStoryboardName = LaunchScreen;
				INFOPLIST_KEY_UISupportedInterfaceOrientations_iPad = "UIInterfaceOrientationPortrait UIInterfaceOrientationPortraitUpsideDown UIInterfaceOrientationLandscapeLeft UIInterfaceOrientationLandscapeRight";
				INFOPLIST_KEY_UISupportedInterfaceOrientations_iPhone = "UIInterfaceOrientationPortrait UIInterfaceOrientationLandscapeLeft UIInterfaceOrientationLandscapeRight";
				IPHONEOS_DEPLOYMENT_TARGET = 15.0;
				LD_RUNPATH_SEARCH_PATHS = (
					"$(inherited)",
					"@executable_path/Frameworks",
				);
				MACOSX_DEPLOYMENT_TARGET = 12.0;
				MARKETING_VERSION = 3;
				OTHER_LDFLAGS = (
					"-framework",
					SafariServices,
					"-framework",
					WebKit,
				);
				PRODUCT_BUNDLE_IDENTIFIER = shwndvs.Rerouter;
				PRODUCT_NAME = "$(TARGET_NAME)";
				SUPPORTS_MACCATALYST = YES;
				SUPPORTS_MAC_DESIGNED_FOR_IPHONE_IPAD = NO;
				SWIFT_EMIT_LOC_STRINGS = YES;
				SWIFT_VERSION = 5.0;
				TARGETED_DEVICE_FAMILY = "1,2";
				TVOS_DEPLOYMENT_TARGET = 15.0;
			};
			name = Debug;
		};
		295EE79C270E31B600B30A07 /* Release */ = {
			isa = XCBuildConfiguration;
			buildSettings = {
				ALWAYS_EMBED_SWIFT_STANDARD_LIBRARIES = YES;
				ASSETCATALOG_COMPILER_APPICON_NAME = AppIcon;
				ASSETCATALOG_COMPILER_GLOBAL_ACCENT_COLOR_NAME = AccentColor;
				CODE_SIGN_ENTITLEMENTS = Rerouter.entitlements;
				CODE_SIGN_STYLE = Automatic;
				CURRENT_PROJECT_VERSION = 28;
				DEVELOPMENT_TEAM = QK557BC776;
				GENERATE_INFOPLIST_FILE = YES;
				INFOPLIST_FILE = Rerouter/Info.plist;
				INFOPLIST_KEY_CFBundleDisplayName = Rerouter;
				INFOPLIST_KEY_LSApplicationCategoryType = "public.app-category.navigation";
				INFOPLIST_KEY_UIApplicationSupportsIndirectInputEvents = YES;
				INFOPLIST_KEY_UILaunchStoryboardName = LaunchScreen;
				INFOPLIST_KEY_UISupportedInterfaceOrientations_iPad = "UIInterfaceOrientationPortrait UIInterfaceOrientationPortraitUpsideDown UIInterfaceOrientationLandscapeLeft UIInterfaceOrientationLandscapeRight";
				INFOPLIST_KEY_UISupportedInterfaceOrientations_iPhone = "UIInterfaceOrientationPortrait UIInterfaceOrientationLandscapeLeft UIInterfaceOrientationLandscapeRight";
				IPHONEOS_DEPLOYMENT_TARGET = 15.0;
				LD_RUNPATH_SEARCH_PATHS = (
					"$(inherited)",
					"@executable_path/Frameworks",
				);
				MACOSX_DEPLOYMENT_TARGET = 12.0;
				MARKETING_VERSION = 3;
				OTHER_LDFLAGS = (
					"-framework",
					SafariServices,
					"-framework",
					WebKit,
				);
				PRODUCT_BUNDLE_IDENTIFIER = shwndvs.Rerouter;
				PRODUCT_NAME = "$(TARGET_NAME)";
				SUPPORTS_MACCATALYST = YES;
				SUPPORTS_MAC_DESIGNED_FOR_IPHONE_IPAD = NO;
				SWIFT_EMIT_LOC_STRINGS = YES;
				SWIFT_VERSION = 5.0;
				TARGETED_DEVICE_FAMILY = "1,2";
				TVOS_DEPLOYMENT_TARGET = 15.0;
			};
			name = Release;
		};
/* End XCBuildConfiguration section */

/* Begin XCConfigurationList section */
		295EE758270E31B000B30A07 /* Build configuration list for PBXProject "Rerouter" */ = {
			isa = XCConfigurationList;
			buildConfigurations = (
				295EE794270E31B600B30A07 /* Debug */,
				295EE795270E31B600B30A07 /* Release */,
			);
			defaultConfigurationIsVisible = 0;
			defaultConfigurationName = Release;
		};
		295EE796270E31B600B30A07 /* Build configuration list for PBXNativeTarget "Rerouter Extension" */ = {
			isa = XCConfigurationList;
			buildConfigurations = (
				295EE797270E31B600B30A07 /* Debug */,
				295EE798270E31B600B30A07 /* Release */,
			);
			defaultConfigurationIsVisible = 0;
			defaultConfigurationName = Release;
		};
		295EE79A270E31B600B30A07 /* Build configuration list for PBXNativeTarget "Rerouter" */ = {
			isa = XCConfigurationList;
			buildConfigurations = (
				295EE79B270E31B600B30A07 /* Debug */,
				295EE79C270E31B600B30A07 /* Release */,
			);
			defaultConfigurationIsVisible = 0;
			defaultConfigurationName = Release;
		};
/* End XCConfigurationList section */
	};
	rootObject = 295EE755270E31B000B30A07 /* Project object */;
}
